
Microsoft Visual Studio Solution File, Format Version 12.00
# Visual Studio Version 17
VisualStudioVersion = 17.2.32516.85
MinimumVisualStudioVersion = 10.0.40219.1
Project("{FAE04EC0-301F-11D3-BF4B-00C04F79EFBC}") = "MVCcore", "MVCcore\MVCcore.csproj", "{765DE0AA-2FDF-4B41-8A01-D8BFDE321046}"
EndProject
Global
	GlobalSection(SolutionConfigurationPlatforms) = preSolution
		Debug|Any CPU = Debug|Any CPU
		Release|Any CPU = Release|Any CPU
	EndGlobalSection
	GlobalSection(ProjectConfigurationPlatforms) = postSolution
		{765DE0AA-2FDF-4B41-8A01-D8BFDE321046}.Debug|Any CPU.ActiveCfg = Debug|Any CPU
		{765DE0AA-2FDF-4B41-8A01-D8BFDE321046}.Debug|Any CPU.Build.0 = Debug|Any CPU
		{765DE0AA-2FDF-4B41-8A01-D8BFDE321046}.Release|Any CPU.ActiveCfg = Release|Any CPU
		{765DE0AA-2FDF-4B41-8A01-D8BFDE321046}.Release|Any CPU.Build.0 = Release|Any CPU
	EndGlobalSection
	GlobalSection(SolutionProperties) = preSolution
		HideSolutionNode = FALSE
	EndGlobalSection
	GlobalSection(ExtensibilityGlobals) = postSolution
		SolutionGuid = {A49F3838-BA2C-434F-BB51-A6CE973F948D}
	EndGlobalSection
EndGlobal
